
Microsoft Visual Studio Solution File, Format Version 12.00
# Visual Studio Version 17
VisualStudioVersion = 17.11.35208.52
MinimumVisualStudioVersion = 10.0.40219.1
Project("{FAE04EC0-301F-11D3-BF4B-00C04F79EFBC}") = "An Outdoor Parking Lot System", "An Outdoor Parking Lot System.csproj", "{4087E190-8ADF-4CEB-A957-1C6F9E41AF48}"
EndProject
Global
	GlobalSection(SolutionConfigurationPlatforms) = preSolution
		Debug|Any CPU = Debug|Any CPU
		Release|Any CPU = Release|Any CPU
	EndGlobalSection
	GlobalSection(ProjectConfigurationPlatforms) = postSolution
		{4087E190-8ADF-4CEB-A957-1C6F9E41AF48}.Debug|Any CPU.ActiveCfg = Debug|Any CPU
		{4087E190-8ADF-4CEB-A957-1C6F9E41AF48}.Debug|Any CPU.Build.0 = Debug|Any CPU
		{4087E190-8ADF-4CEB-A957-1C6F9E41AF48}.Release|Any CPU.ActiveCfg = Release|Any CPU
		{4087E190-8ADF-4CEB-A957-1C6F9E41AF48}.Release|Any CPU.Build.0 = Release|Any CPU
	EndGlobalSection
	GlobalSection(SolutionProperties) = preSolution
		HideSolutionNode = FALSE
	EndGlobalSection
	GlobalSection(ExtensibilityGlobals) = postSolution
		SolutionGuid = {CBAEDF23-AA10-4D4D-9488-C066F38940DB}
	EndGlobalSection
EndGlobal
